
Microsoft Visual Studio Solution File, Format Version 12.00
# Visual Studio 2012
Project("{FAE04EC0-301F-11D3-BF4B-00C04F79EFBC}") = "State", "State\State.csproj", "{BB77F2B9-22EF-4BD1-9E58-9B46149D9DB6}"
EndProject
Project("{F088123C-0E9E-452A-89E6-6BA2F21D5CAC}") = "ModelingState", "ModelingState\ModelingState.modelproj", "{72C4C956-FD09-4F9F-8E04-EA988989C7B6}"
EndProject
Global
	GlobalSection(SolutionConfigurationPlatforms) = preSolution
		Debug|Any CPU = Debug|Any CPU
		Release|Any CPU = Release|Any CPU
	EndGlobalSection
	GlobalSection(ProjectConfigurationPlatforms) = postSolution
		{BB77F2B9-22EF-4BD1-9E58-9B46149D9DB6}.Debug|Any CPU.ActiveCfg = Debug|Any CPU
		{BB77F2B9-22EF-4BD1-9E58-9B46149D9DB6}.Debug|Any CPU.Build.0 = Debug|Any CPU
		{BB77F2B9-22EF-4BD1-9E58-9B46149D9DB6}.Release|Any CPU.ActiveCfg = Release|Any CPU
		{BB77F2B9-22EF-4BD1-9E58-9B46149D9DB6}.Release|Any CPU.Build.0 = Release|Any CPU
		{72C4C956-FD09-4F9F-8E04-EA988989C7B6}.Debug|Any CPU.ActiveCfg = Debug|Any CPU
		{72C4C956-FD09-4F9F-8E04-EA988989C7B6}.Debug|Any CPU.Build.0 = Debug|Any CPU
		{72C4C956-FD09-4F9F-8E04-EA988989C7B6}.Release|Any CPU.ActiveCfg = Release|Any CPU
		{72C4C956-FD09-4F9F-8E04-EA988989C7B6}.Release|Any CPU.Build.0 = Release|Any CPU
	EndGlobalSection
	GlobalSection(SolutionProperties) = preSolution
		HideSolutionNode = FALSE
	EndGlobalSection
EndGlobal
