
Microsoft Visual Studio Solution File, Format Version 12.00
# Visual Studio 2012
Project("{FAE04EC0-301F-11D3-BF4B-00C04F79EFBC}") = "TemplateMethod", "TemplateMethod\TemplateMethod.csproj", "{76231B7F-0FE8-4F24-94F2-5DA2EB2E0CB4}"
EndProject
Global
	GlobalSection(SolutionConfigurationPlatforms) = preSolution
		Debug|Any CPU = Debug|Any CPU
		Release|Any CPU = Release|Any CPU
	EndGlobalSection
	GlobalSection(ProjectConfigurationPlatforms) = postSolution
		{76231B7F-0FE8-4F24-94F2-5DA2EB2E0CB4}.Debug|Any CPU.ActiveCfg = Debug|Any CPU
		{76231B7F-0FE8-4F24-94F2-5DA2EB2E0CB4}.Debug|Any CPU.Build.0 = Debug|Any CPU
		{76231B7F-0FE8-4F24-94F2-5DA2EB2E0CB4}.Release|Any CPU.ActiveCfg = Release|Any CPU
		{76231B7F-0FE8-4F24-94F2-5DA2EB2E0CB4}.Release|Any CPU.Build.0 = Release|Any CPU
	EndGlobalSection
	GlobalSection(SolutionProperties) = preSolution
		HideSolutionNode = FALSE
	EndGlobalSection
EndGlobal
