
Microsoft Visual Studio Solution File, Format Version 12.00
# Visual Studio 2012
Project("{FAE04EC0-301F-11D3-BF4B-00C04F79EFBC}") = "Facade", "Facade\Facade.csproj", "{C58482AF-8225-4482-9008-799C5B2C6E19}"
EndProject
Project("{F088123C-0E9E-452A-89E6-6BA2F21D5CAC}") = "ModelingFacade", "ModelingFacade\ModelingFacade.modelproj", "{8C8815B7-367C-4405-B6B5-E7AD248AC8E0}"
EndProject
Global
	GlobalSection(SolutionConfigurationPlatforms) = preSolution
		Debug|Any CPU = Debug|Any CPU
		Release|Any CPU = Release|Any CPU
	EndGlobalSection
	GlobalSection(ProjectConfigurationPlatforms) = postSolution
		{C58482AF-8225-4482-9008-799C5B2C6E19}.Debug|Any CPU.ActiveCfg = Debug|Any CPU
		{C58482AF-8225-4482-9008-799C5B2C6E19}.Debug|Any CPU.Build.0 = Debug|Any CPU
		{C58482AF-8225-4482-9008-799C5B2C6E19}.Release|Any CPU.ActiveCfg = Release|Any CPU
		{C58482AF-8225-4482-9008-799C5B2C6E19}.Release|Any CPU.Build.0 = Release|Any CPU
		{8C8815B7-367C-4405-B6B5-E7AD248AC8E0}.Debug|Any CPU.ActiveCfg = Debug|Any CPU
		{8C8815B7-367C-4405-B6B5-E7AD248AC8E0}.Debug|Any CPU.Build.0 = Debug|Any CPU
		{8C8815B7-367C-4405-B6B5-E7AD248AC8E0}.Release|Any CPU.ActiveCfg = Release|Any CPU
		{8C8815B7-367C-4405-B6B5-E7AD248AC8E0}.Release|Any CPU.Build.0 = Release|Any CPU
	EndGlobalSection
	GlobalSection(SolutionProperties) = preSolution
		HideSolutionNode = FALSE
	EndGlobalSection
EndGlobal
