
Microsoft Visual Studio Solution File, Format Version 12.00
# Visual Studio 2012
Project("{FAE04EC0-301F-11D3-BF4B-00C04F79EFBC}") = "MultiSingleton", "MultiSingleton\MultiSingleton.csproj", "{DF25966B-5B82-4282-A7A2-3FEFA483743F}"
EndProject
Project("{FAE04EC0-301F-11D3-BF4B-00C04F79EFBC}") = "DoubleSingleton", "DoubleSingleton\DoubleSingleton.csproj", "{C918F6FE-354E-41BE-AC16-B508E68ABF70}"
EndProject
Global
	GlobalSection(SolutionConfigurationPlatforms) = preSolution
		Debug|Any CPU = Debug|Any CPU
		Release|Any CPU = Release|Any CPU
	EndGlobalSection
	GlobalSection(ProjectConfigurationPlatforms) = postSolution
		{DF25966B-5B82-4282-A7A2-3FEFA483743F}.Debug|Any CPU.ActiveCfg = Debug|Any CPU
		{DF25966B-5B82-4282-A7A2-3FEFA483743F}.Debug|Any CPU.Build.0 = Debug|Any CPU
		{DF25966B-5B82-4282-A7A2-3FEFA483743F}.Release|Any CPU.ActiveCfg = Release|Any CPU
		{DF25966B-5B82-4282-A7A2-3FEFA483743F}.Release|Any CPU.Build.0 = Release|Any CPU
		{C918F6FE-354E-41BE-AC16-B508E68ABF70}.Debug|Any CPU.ActiveCfg = Debug|Any CPU
		{C918F6FE-354E-41BE-AC16-B508E68ABF70}.Debug|Any CPU.Build.0 = Debug|Any CPU
		{C918F6FE-354E-41BE-AC16-B508E68ABF70}.Release|Any CPU.ActiveCfg = Release|Any CPU
		{C918F6FE-354E-41BE-AC16-B508E68ABF70}.Release|Any CPU.Build.0 = Release|Any CPU
	EndGlobalSection
	GlobalSection(SolutionProperties) = preSolution
		HideSolutionNode = FALSE
	EndGlobalSection
EndGlobal
