
Microsoft Visual Studio Solution File, Format Version 12.00
# Visual Studio 2012
Project("{FAE04EC0-301F-11D3-BF4B-00C04F79EFBC}") = "Command1", "Command1\Command1.csproj", "{4AAF58AF-C7B5-4C75-A7BE-3192A6267637}"
EndProject
Project("{F088123C-0E9E-452A-89E6-6BA2F21D5CAC}") = "ModelingCommand", "ModelingCommand\ModelingCommand.modelproj", "{445E2D81-3261-4A6A-A724-3CC5168F182A}"
EndProject
Global
	GlobalSection(SolutionConfigurationPlatforms) = preSolution
		Debug|Any CPU = Debug|Any CPU
		Release|Any CPU = Release|Any CPU
	EndGlobalSection
	GlobalSection(ProjectConfigurationPlatforms) = postSolution
		{4AAF58AF-C7B5-4C75-A7BE-3192A6267637}.Debug|Any CPU.ActiveCfg = Debug|Any CPU
		{4AAF58AF-C7B5-4C75-A7BE-3192A6267637}.Debug|Any CPU.Build.0 = Debug|Any CPU
		{4AAF58AF-C7B5-4C75-A7BE-3192A6267637}.Release|Any CPU.ActiveCfg = Release|Any CPU
		{4AAF58AF-C7B5-4C75-A7BE-3192A6267637}.Release|Any CPU.Build.0 = Release|Any CPU
		{445E2D81-3261-4A6A-A724-3CC5168F182A}.Debug|Any CPU.ActiveCfg = Debug|Any CPU
		{445E2D81-3261-4A6A-A724-3CC5168F182A}.Debug|Any CPU.Build.0 = Debug|Any CPU
		{445E2D81-3261-4A6A-A724-3CC5168F182A}.Release|Any CPU.ActiveCfg = Release|Any CPU
		{445E2D81-3261-4A6A-A724-3CC5168F182A}.Release|Any CPU.Build.0 = Release|Any CPU
	EndGlobalSection
	GlobalSection(SolutionProperties) = preSolution
		HideSolutionNode = FALSE
	EndGlobalSection
EndGlobal
