
Microsoft Visual Studio Solution File, Format Version 12.00
# Visual Studio 2012
Project("{FAE04EC0-301F-11D3-BF4B-00C04F79EFBC}") = "001_Yield", "001_Yield.csproj", "{C957A9A5-4F6C-4D03-BD06-1C6E433B4783}"
EndProject
Global
	GlobalSection(SolutionConfigurationPlatforms) = preSolution
		Debug|Any CPU = Debug|Any CPU
		Release|Any CPU = Release|Any CPU
	EndGlobalSection
	GlobalSection(ProjectConfigurationPlatforms) = postSolution
		{C957A9A5-4F6C-4D03-BD06-1C6E433B4783}.Debug|Any CPU.ActiveCfg = Debug|Any CPU
		{C957A9A5-4F6C-4D03-BD06-1C6E433B4783}.Debug|Any CPU.Build.0 = Debug|Any CPU
		{C957A9A5-4F6C-4D03-BD06-1C6E433B4783}.Release|Any CPU.ActiveCfg = Release|Any CPU
		{C957A9A5-4F6C-4D03-BD06-1C6E433B4783}.Release|Any CPU.Build.0 = Release|Any CPU
	EndGlobalSection
	GlobalSection(SolutionProperties) = preSolution
		HideSolutionNode = FALSE
	EndGlobalSection
EndGlobal
