
Microsoft Visual Studio Solution File, Format Version 12.00
# Visual Studio 2012
Project("{FAE04EC0-301F-11D3-BF4B-00C04F79EFBC}") = "002_Yield", "002_Yield.csproj", "{A8EF1676-9DB7-4316-9246-2680A63089F1}"
EndProject
Global
	GlobalSection(SolutionConfigurationPlatforms) = preSolution
		Debug|Any CPU = Debug|Any CPU
		Release|Any CPU = Release|Any CPU
	EndGlobalSection
	GlobalSection(ProjectConfigurationPlatforms) = postSolution
		{A8EF1676-9DB7-4316-9246-2680A63089F1}.Debug|Any CPU.ActiveCfg = Debug|Any CPU
		{A8EF1676-9DB7-4316-9246-2680A63089F1}.Debug|Any CPU.Build.0 = Debug|Any CPU
		{A8EF1676-9DB7-4316-9246-2680A63089F1}.Release|Any CPU.ActiveCfg = Release|Any CPU
		{A8EF1676-9DB7-4316-9246-2680A63089F1}.Release|Any CPU.Build.0 = Release|Any CPU
	EndGlobalSection
	GlobalSection(SolutionProperties) = preSolution
		HideSolutionNode = FALSE
	EndGlobalSection
EndGlobal
