
Microsoft Visual Studio Solution File, Format Version 12.00
# Visual Studio 2012
Project("{FAE04EC0-301F-11D3-BF4B-00C04F79EFBC}") = "Prototype", "Prototype\Prototype.csproj", "{E14A033B-5096-4803-815C-A8A58E27ECB1}"
EndProject
Project("{F088123C-0E9E-452A-89E6-6BA2F21D5CAC}") = "ModelingPrototype", "ModelingPrototype\ModelingPrototype.modelproj", "{8B01F51C-D42F-4295-89F2-BE7BB0B81EC3}"
EndProject
Global
	GlobalSection(SolutionConfigurationPlatforms) = preSolution
		Debug|Any CPU = Debug|Any CPU
		Release|Any CPU = Release|Any CPU
	EndGlobalSection
	GlobalSection(ProjectConfigurationPlatforms) = postSolution
		{E14A033B-5096-4803-815C-A8A58E27ECB1}.Debug|Any CPU.ActiveCfg = Debug|Any CPU
		{E14A033B-5096-4803-815C-A8A58E27ECB1}.Debug|Any CPU.Build.0 = Debug|Any CPU
		{E14A033B-5096-4803-815C-A8A58E27ECB1}.Release|Any CPU.ActiveCfg = Release|Any CPU
		{E14A033B-5096-4803-815C-A8A58E27ECB1}.Release|Any CPU.Build.0 = Release|Any CPU
		{8B01F51C-D42F-4295-89F2-BE7BB0B81EC3}.Debug|Any CPU.ActiveCfg = Debug|Any CPU
		{8B01F51C-D42F-4295-89F2-BE7BB0B81EC3}.Debug|Any CPU.Build.0 = Debug|Any CPU
		{8B01F51C-D42F-4295-89F2-BE7BB0B81EC3}.Release|Any CPU.ActiveCfg = Release|Any CPU
		{8B01F51C-D42F-4295-89F2-BE7BB0B81EC3}.Release|Any CPU.Build.0 = Release|Any CPU
	EndGlobalSection
	GlobalSection(SolutionProperties) = preSolution
		HideSolutionNode = FALSE
	EndGlobalSection
EndGlobal
