
Microsoft Visual Studio Solution File, Format Version 12.00
# Visual Studio 2012
Project("{FAE04EC0-301F-11D3-BF4B-00C04F79EFBC}") = "Proxy", "Proxy\Proxy.csproj", "{F918015F-B164-41DD-8C4E-04E1DA075530}"
EndProject
Project("{F088123C-0E9E-452A-89E6-6BA2F21D5CAC}") = "ModelingProxy", "ModelingProxy\ModelingProxy.modelproj", "{425A4CEF-BD92-4457-A92C-63AB8A2B2AA2}"
EndProject
Global
	GlobalSection(SolutionConfigurationPlatforms) = preSolution
		Debug|Any CPU = Debug|Any CPU
		Release|Any CPU = Release|Any CPU
	EndGlobalSection
	GlobalSection(ProjectConfigurationPlatforms) = postSolution
		{F918015F-B164-41DD-8C4E-04E1DA075530}.Debug|Any CPU.ActiveCfg = Debug|Any CPU
		{F918015F-B164-41DD-8C4E-04E1DA075530}.Debug|Any CPU.Build.0 = Debug|Any CPU
		{F918015F-B164-41DD-8C4E-04E1DA075530}.Release|Any CPU.ActiveCfg = Release|Any CPU
		{F918015F-B164-41DD-8C4E-04E1DA075530}.Release|Any CPU.Build.0 = Release|Any CPU
		{425A4CEF-BD92-4457-A92C-63AB8A2B2AA2}.Debug|Any CPU.ActiveCfg = Debug|Any CPU
		{425A4CEF-BD92-4457-A92C-63AB8A2B2AA2}.Debug|Any CPU.Build.0 = Debug|Any CPU
		{425A4CEF-BD92-4457-A92C-63AB8A2B2AA2}.Release|Any CPU.ActiveCfg = Release|Any CPU
		{425A4CEF-BD92-4457-A92C-63AB8A2B2AA2}.Release|Any CPU.Build.0 = Release|Any CPU
	EndGlobalSection
	GlobalSection(SolutionProperties) = preSolution
		HideSolutionNode = FALSE
	EndGlobalSection
EndGlobal
