
Microsoft Visual Studio Solution File, Format Version 12.00
# Visual Studio 2012
Project("{FAE04EC0-301F-11D3-BF4B-00C04F79EFBC}") = "AbstractFactory", "AbstractFactory\AbstractFactory.csproj", "{2C1CAFE2-CFA6-4C05-B951-D2D1859C9298}"
EndProject
Project("{F088123C-0E9E-452A-89E6-6BA2F21D5CAC}") = "ModelingAbstractFactory", "ModelingAbstractFactory\ModelingAbstractFactory.modelproj", "{4696F2E2-48E5-4C4B-9729-46A35FA21C1B}"
EndProject
Global
	GlobalSection(SolutionConfigurationPlatforms) = preSolution
		Debug|Any CPU = Debug|Any CPU
		Release|Any CPU = Release|Any CPU
	EndGlobalSection
	GlobalSection(ProjectConfigurationPlatforms) = postSolution
		{2C1CAFE2-CFA6-4C05-B951-D2D1859C9298}.Debug|Any CPU.ActiveCfg = Debug|Any CPU
		{2C1CAFE2-CFA6-4C05-B951-D2D1859C9298}.Debug|Any CPU.Build.0 = Debug|Any CPU
		{2C1CAFE2-CFA6-4C05-B951-D2D1859C9298}.Release|Any CPU.ActiveCfg = Release|Any CPU
		{2C1CAFE2-CFA6-4C05-B951-D2D1859C9298}.Release|Any CPU.Build.0 = Release|Any CPU
		{4696F2E2-48E5-4C4B-9729-46A35FA21C1B}.Debug|Any CPU.ActiveCfg = Debug|Any CPU
		{4696F2E2-48E5-4C4B-9729-46A35FA21C1B}.Debug|Any CPU.Build.0 = Debug|Any CPU
		{4696F2E2-48E5-4C4B-9729-46A35FA21C1B}.Release|Any CPU.ActiveCfg = Release|Any CPU
		{4696F2E2-48E5-4C4B-9729-46A35FA21C1B}.Release|Any CPU.Build.0 = Release|Any CPU
	EndGlobalSection
	GlobalSection(SolutionProperties) = preSolution
		HideSolutionNode = FALSE
	EndGlobalSection
EndGlobal
