
Microsoft Visual Studio Solution File, Format Version 12.00
# Visual Studio 2013
VisualStudioVersion = 12.0.31101.0
MinimumVisualStudioVersion = 10.0.40219.1
Project("{F088123C-0E9E-452A-89E6-6BA2F21D5CAC}") = "UMLStart", "UMLStart\UMLStart.modelproj", "{310072E9-DBF1-49BF-ABFA-370233917335}"
EndProject
Project("{FAE04EC0-301F-11D3-BF4B-00C04F79EFBC}") = "AbstractFactoryMyExcample", "AbstractFactory\AbstractFactoryMyExcample.csproj", "{409BC9B3-079A-4FC5-870D-B16E4A6E3EE5}"
EndProject
Project("{FAE04EC0-301F-11D3-BF4B-00C04F79EFBC}") = "AbstractFactory", "Labirint\AbstractFactory.csproj", "{45D3F315-66B9-41F7-AF3D-E03B8ED5A939}"
EndProject
Project("{FAE04EC0-301F-11D3-BF4B-00C04F79EFBC}") = "Builder", "Builder\Builder.csproj", "{D855E872-36C9-4427-8742-02C473A39E92}"
EndProject
Project("{FAE04EC0-301F-11D3-BF4B-00C04F79EFBC}") = "BuilderMyExcample", "BuilderMyExcample\BuilderMyExcample.csproj", "{BBFCDC81-477C-4D2C-BBF6-8D613571AD9D}"
EndProject
Project("{FAE04EC0-301F-11D3-BF4B-00C04F79EFBC}") = "AbstractMethod", "AbstractMethod\AbstractMethod.csproj", "{5E6971DE-64EE-42A3-8C5A-CF2D1623A6C7}"
EndProject
Project("{FAE04EC0-301F-11D3-BF4B-00C04F79EFBC}") = "PrototypeMyExcample", "Prototype\PrototypeMyExcample.csproj", "{2FD03429-196B-4A6C-982F-4FEE3FF485AD}"
EndProject
Project("{2150E333-8FDC-42A3-9474-1A3956D46DE8}") = "MyExcample", "MyExcample", "{CEA264F4-ABB6-4B63-AA28-E08BDE471368}"
EndProject
Project("{FAE04EC0-301F-11D3-BF4B-00C04F79EFBC}") = "Prototypes", "Prototypes\Prototypes.csproj", "{A80915DB-2F6F-4DBE-958F-6E51E263AA07}"
EndProject
Project("{FAE04EC0-301F-11D3-BF4B-00C04F79EFBC}") = "Singleton", "Singleton\Singleton.csproj", "{1D085FD3-DFD3-4D12-9275-ADAF06B1F715}"
EndProject
Project("{FAE04EC0-301F-11D3-BF4B-00C04F79EFBC}") = "SingletonMyExcample", "SingletonMyExcample\SingletonMyExcample.csproj", "{A7E5CCFE-A949-49CF-85B7-4156B8924375}"
EndProject
Project("{FAE04EC0-301F-11D3-BF4B-00C04F79EFBC}") = "SingletonMulti", "SingletonMulti\SingletonMulti.csproj", "{723DA693-96C7-46A9-9E55-F626183AAAB4}"
EndProject
Project("{FAE04EC0-301F-11D3-BF4B-00C04F79EFBC}") = "AdapterClass", "Фвфзеук\AdapterClass.csproj", "{1313EEBF-6F02-4222-9BAA-F55F3668AF0C}"
EndProject
Project("{FAE04EC0-301F-11D3-BF4B-00C04F79EFBC}") = "AdapterObjects", "AdapterObjects\AdapterObjects.csproj", "{37F9B06A-15DE-4964-AABA-B3D45CF93FBC}"
EndProject
Project("{FAE04EC0-301F-11D3-BF4B-00C04F79EFBC}") = "AdapterMyExcample", "AdapterMyExcample\AdapterMyExcample.csproj", "{B31DAE8F-02B6-456A-950A-FD4D9976800F}"
EndProject
Project("{FAE04EC0-301F-11D3-BF4B-00C04F79EFBC}") = "Bridge", "Bridge\Bridge.csproj", "{7BB79DF1-35A9-4AD3-8BFE-6995D5815B1D}"
EndProject
Project("{FAE04EC0-301F-11D3-BF4B-00C04F79EFBC}") = "BridgeMyExcample", "BridgeMyExcample\BridgeMyExcample.csproj", "{B3532ED3-5A86-42F3-8CCA-1E4384D74943}"
EndProject
Project("{FAE04EC0-301F-11D3-BF4B-00C04F79EFBC}") = "Composite", "Composite\Composite.csproj", "{B9164A35-99E7-4063-A4AF-AC5E04DBB34F}"
EndProject
Project("{FAE04EC0-301F-11D3-BF4B-00C04F79EFBC}") = "CompositeMyExcample", "CompositeMyExcample\CompositeMyExcample.csproj", "{0C13A00E-8194-41B4-BC2B-DE0ADB927F76}"
EndProject
Project("{FAE04EC0-301F-11D3-BF4B-00C04F79EFBC}") = "Decorator", "Decorator\Decorator.csproj", "{8E60C416-5EFB-48D8-9099-349DCA7DC61F}"
EndProject
Project("{FAE04EC0-301F-11D3-BF4B-00C04F79EFBC}") = "DecoratorMyExcample", "DecoratorMyExcample\DecoratorMyExcample.csproj", "{C4D0415B-0B49-4BE0-9964-1E7FE18D1F3D}"
EndProject
Project("{FAE04EC0-301F-11D3-BF4B-00C04F79EFBC}") = "Facade", "Facade\Facade.csproj", "{DD3550F5-F688-4C48-8F43-6950F439BD45}"
EndProject
Project("{FAE04EC0-301F-11D3-BF4B-00C04F79EFBC}") = "FacadeMyExcample", "FacadeMyExcample\FacadeMyExcample.csproj", "{1C699765-D214-4045-AE5B-02DC5D3A0702}"
EndProject
Project("{FAE04EC0-301F-11D3-BF4B-00C04F79EFBC}") = "Flyweight", "Flyweight\Flyweight.csproj", "{D77FBEAD-AEE4-43A2-B104-D8625503748F}"
EndProject
Project("{FAE04EC0-301F-11D3-BF4B-00C04F79EFBC}") = "Proxy", "Proxy\Proxy.csproj", "{11D1DBBB-7A53-475F-880A-E4C1BE165BEE}"
EndProject
Project("{FAE04EC0-301F-11D3-BF4B-00C04F79EFBC}") = "ProxyMyExcample", "ProxyMyExcample\ProxyMyExcample.csproj", "{DAE5452F-58D7-4604-AB6F-0755DB6D0081}"
EndProject
Project("{FAE04EC0-301F-11D3-BF4B-00C04F79EFBC}") = "ChainOfResponsibility", "ChainOfResponsibility\ChainOfResponsibility.csproj", "{5A169C31-E42B-447D-B808-B3513D401EDC}"
EndProject
Global
	GlobalSection(SolutionConfigurationPlatforms) = preSolution
		Debug|Any CPU = Debug|Any CPU
		Debug|Mixed Platforms = Debug|Mixed Platforms
		Debug|x86 = Debug|x86
		Release|Any CPU = Release|Any CPU
		Release|Mixed Platforms = Release|Mixed Platforms
		Release|x86 = Release|x86
	EndGlobalSection
	GlobalSection(ProjectConfigurationPlatforms) = postSolution
		{310072E9-DBF1-49BF-ABFA-370233917335}.Debug|Any CPU.ActiveCfg = Debug|Any CPU
		{310072E9-DBF1-49BF-ABFA-370233917335}.Debug|Any CPU.Build.0 = Debug|Any CPU
		{310072E9-DBF1-49BF-ABFA-370233917335}.Debug|Mixed Platforms.ActiveCfg = Debug|Any CPU
		{310072E9-DBF1-49BF-ABFA-370233917335}.Debug|Mixed Platforms.Build.0 = Debug|Any CPU
		{310072E9-DBF1-49BF-ABFA-370233917335}.Debug|x86.ActiveCfg = Debug|Any CPU
		{310072E9-DBF1-49BF-ABFA-370233917335}.Release|Any CPU.ActiveCfg = Release|Any CPU
		{310072E9-DBF1-49BF-ABFA-370233917335}.Release|Any CPU.Build.0 = Release|Any CPU
		{310072E9-DBF1-49BF-ABFA-370233917335}.Release|Mixed Platforms.ActiveCfg = Release|Any CPU
		{310072E9-DBF1-49BF-ABFA-370233917335}.Release|Mixed Platforms.Build.0 = Release|Any CPU
		{310072E9-DBF1-49BF-ABFA-370233917335}.Release|x86.ActiveCfg = Release|Any CPU
		{409BC9B3-079A-4FC5-870D-B16E4A6E3EE5}.Debug|Any CPU.ActiveCfg = Debug|Any CPU
		{409BC9B3-079A-4FC5-870D-B16E4A6E3EE5}.Debug|Any CPU.Build.0 = Debug|Any CPU
		{409BC9B3-079A-4FC5-870D-B16E4A6E3EE5}.Debug|Mixed Platforms.ActiveCfg = Debug|Any CPU
		{409BC9B3-079A-4FC5-870D-B16E4A6E3EE5}.Debug|Mixed Platforms.Build.0 = Debug|Any CPU
		{409BC9B3-079A-4FC5-870D-B16E4A6E3EE5}.Debug|x86.ActiveCfg = Debug|Any CPU
		{409BC9B3-079A-4FC5-870D-B16E4A6E3EE5}.Release|Any CPU.ActiveCfg = Release|Any CPU
		{409BC9B3-079A-4FC5-870D-B16E4A6E3EE5}.Release|Any CPU.Build.0 = Release|Any CPU
		{409BC9B3-079A-4FC5-870D-B16E4A6E3EE5}.Release|Mixed Platforms.ActiveCfg = Release|Any CPU
		{409BC9B3-079A-4FC5-870D-B16E4A6E3EE5}.Release|Mixed Platforms.Build.0 = Release|Any CPU
		{409BC9B3-079A-4FC5-870D-B16E4A6E3EE5}.Release|x86.ActiveCfg = Release|Any CPU
		{45D3F315-66B9-41F7-AF3D-E03B8ED5A939}.Debug|Any CPU.ActiveCfg = Debug|Any CPU
		{45D3F315-66B9-41F7-AF3D-E03B8ED5A939}.Debug|Any CPU.Build.0 = Debug|Any CPU
		{45D3F315-66B9-41F7-AF3D-E03B8ED5A939}.Debug|Mixed Platforms.ActiveCfg = Debug|Any CPU
		{45D3F315-66B9-41F7-AF3D-E03B8ED5A939}.Debug|Mixed Platforms.Build.0 = Debug|Any CPU
		{45D3F315-66B9-41F7-AF3D-E03B8ED5A939}.Debug|x86.ActiveCfg = Debug|Any CPU
		{45D3F315-66B9-41F7-AF3D-E03B8ED5A939}.Release|Any CPU.ActiveCfg = Release|Any CPU
		{45D3F315-66B9-41F7-AF3D-E03B8ED5A939}.Release|Any CPU.Build.0 = Release|Any CPU
		{45D3F315-66B9-41F7-AF3D-E03B8ED5A939}.Release|Mixed Platforms.ActiveCfg = Release|Any CPU
		{45D3F315-66B9-41F7-AF3D-E03B8ED5A939}.Release|Mixed Platforms.Build.0 = Release|Any CPU
		{45D3F315-66B9-41F7-AF3D-E03B8ED5A939}.Release|x86.ActiveCfg = Release|Any CPU
		{D855E872-36C9-4427-8742-02C473A39E92}.Debug|Any CPU.ActiveCfg = Debug|Any CPU
		{D855E872-36C9-4427-8742-02C473A39E92}.Debug|Any CPU.Build.0 = Debug|Any CPU
		{D855E872-36C9-4427-8742-02C473A39E92}.Debug|Mixed Platforms.ActiveCfg = Debug|Any CPU
		{D855E872-36C9-4427-8742-02C473A39E92}.Debug|Mixed Platforms.Build.0 = Debug|Any CPU
		{D855E872-36C9-4427-8742-02C473A39E92}.Debug|x86.ActiveCfg = Debug|Any CPU
		{D855E872-36C9-4427-8742-02C473A39E92}.Release|Any CPU.ActiveCfg = Release|Any CPU
		{D855E872-36C9-4427-8742-02C473A39E92}.Release|Any CPU.Build.0 = Release|Any CPU
		{D855E872-36C9-4427-8742-02C473A39E92}.Release|Mixed Platforms.ActiveCfg = Release|Any CPU
		{D855E872-36C9-4427-8742-02C473A39E92}.Release|Mixed Platforms.Build.0 = Release|Any CPU
		{D855E872-36C9-4427-8742-02C473A39E92}.Release|x86.ActiveCfg = Release|Any CPU
		{BBFCDC81-477C-4D2C-BBF6-8D613571AD9D}.Debug|Any CPU.ActiveCfg = Debug|Any CPU
		{BBFCDC81-477C-4D2C-BBF6-8D613571AD9D}.Debug|Any CPU.Build.0 = Debug|Any CPU
		{BBFCDC81-477C-4D2C-BBF6-8D613571AD9D}.Debug|Mixed Platforms.ActiveCfg = Debug|Any CPU
		{BBFCDC81-477C-4D2C-BBF6-8D613571AD9D}.Debug|Mixed Platforms.Build.0 = Debug|Any CPU
		{BBFCDC81-477C-4D2C-BBF6-8D613571AD9D}.Debug|x86.ActiveCfg = Debug|Any CPU
		{BBFCDC81-477C-4D2C-BBF6-8D613571AD9D}.Release|Any CPU.ActiveCfg = Release|Any CPU
		{BBFCDC81-477C-4D2C-BBF6-8D613571AD9D}.Release|Any CPU.Build.0 = Release|Any CPU
		{BBFCDC81-477C-4D2C-BBF6-8D613571AD9D}.Release|Mixed Platforms.ActiveCfg = Release|Any CPU
		{BBFCDC81-477C-4D2C-BBF6-8D613571AD9D}.Release|Mixed Platforms.Build.0 = Release|Any CPU
		{BBFCDC81-477C-4D2C-BBF6-8D613571AD9D}.Release|x86.ActiveCfg = Release|Any CPU
		{5E6971DE-64EE-42A3-8C5A-CF2D1623A6C7}.Debug|Any CPU.ActiveCfg = Debug|Any CPU
		{5E6971DE-64EE-42A3-8C5A-CF2D1623A6C7}.Debug|Any CPU.Build.0 = Debug|Any CPU
		{5E6971DE-64EE-42A3-8C5A-CF2D1623A6C7}.Debug|Mixed Platforms.ActiveCfg = Debug|Any CPU
		{5E6971DE-64EE-42A3-8C5A-CF2D1623A6C7}.Debug|Mixed Platforms.Build.0 = Debug|Any CPU
		{5E6971DE-64EE-42A3-8C5A-CF2D1623A6C7}.Debug|x86.ActiveCfg = Debug|Any CPU
		{5E6971DE-64EE-42A3-8C5A-CF2D1623A6C7}.Release|Any CPU.ActiveCfg = Release|Any CPU
		{5E6971DE-64EE-42A3-8C5A-CF2D1623A6C7}.Release|Any CPU.Build.0 = Release|Any CPU
		{5E6971DE-64EE-42A3-8C5A-CF2D1623A6C7}.Release|Mixed Platforms.ActiveCfg = Release|Any CPU
		{5E6971DE-64EE-42A3-8C5A-CF2D1623A6C7}.Release|Mixed Platforms.Build.0 = Release|Any CPU
		{5E6971DE-64EE-42A3-8C5A-CF2D1623A6C7}.Release|x86.ActiveCfg = Release|Any CPU
		{2FD03429-196B-4A6C-982F-4FEE3FF485AD}.Debug|Any CPU.ActiveCfg = Debug|Any CPU
		{2FD03429-196B-4A6C-982F-4FEE3FF485AD}.Debug|Any CPU.Build.0 = Debug|Any CPU
		{2FD03429-196B-4A6C-982F-4FEE3FF485AD}.Debug|Mixed Platforms.ActiveCfg = Debug|Any CPU
		{2FD03429-196B-4A6C-982F-4FEE3FF485AD}.Debug|Mixed Platforms.Build.0 = Debug|Any CPU
		{2FD03429-196B-4A6C-982F-4FEE3FF485AD}.Debug|x86.ActiveCfg = Debug|Any CPU
		{2FD03429-196B-4A6C-982F-4FEE3FF485AD}.Release|Any CPU.ActiveCfg = Release|Any CPU
		{2FD03429-196B-4A6C-982F-4FEE3FF485AD}.Release|Any CPU.Build.0 = Release|Any CPU
		{2FD03429-196B-4A6C-982F-4FEE3FF485AD}.Release|Mixed Platforms.ActiveCfg = Release|Any CPU
		{2FD03429-196B-4A6C-982F-4FEE3FF485AD}.Release|Mixed Platforms.Build.0 = Release|Any CPU
		{2FD03429-196B-4A6C-982F-4FEE3FF485AD}.Release|x86.ActiveCfg = Release|Any CPU
		{A80915DB-2F6F-4DBE-958F-6E51E263AA07}.Debug|Any CPU.ActiveCfg = Debug|Any CPU
		{A80915DB-2F6F-4DBE-958F-6E51E263AA07}.Debug|Any CPU.Build.0 = Debug|Any CPU
		{A80915DB-2F6F-4DBE-958F-6E51E263AA07}.Debug|Mixed Platforms.ActiveCfg = Debug|Any CPU
		{A80915DB-2F6F-4DBE-958F-6E51E263AA07}.Debug|Mixed Platforms.Build.0 = Debug|Any CPU
		{A80915DB-2F6F-4DBE-958F-6E51E263AA07}.Debug|x86.ActiveCfg = Debug|Any CPU
		{A80915DB-2F6F-4DBE-958F-6E51E263AA07}.Release|Any CPU.ActiveCfg = Release|Any CPU
		{A80915DB-2F6F-4DBE-958F-6E51E263AA07}.Release|Any CPU.Build.0 = Release|Any CPU
		{A80915DB-2F6F-4DBE-958F-6E51E263AA07}.Release|Mixed Platforms.ActiveCfg = Release|Any CPU
		{A80915DB-2F6F-4DBE-958F-6E51E263AA07}.Release|Mixed Platforms.Build.0 = Release|Any CPU
		{A80915DB-2F6F-4DBE-958F-6E51E263AA07}.Release|x86.ActiveCfg = Release|Any CPU
		{1D085FD3-DFD3-4D12-9275-ADAF06B1F715}.Debug|Any CPU.ActiveCfg = Debug|Any CPU
		{1D085FD3-DFD3-4D12-9275-ADAF06B1F715}.Debug|Any CPU.Build.0 = Debug|Any CPU
		{1D085FD3-DFD3-4D12-9275-ADAF06B1F715}.Debug|Mixed Platforms.ActiveCfg = Debug|Any CPU
		{1D085FD3-DFD3-4D12-9275-ADAF06B1F715}.Debug|Mixed Platforms.Build.0 = Debug|Any CPU
		{1D085FD3-DFD3-4D12-9275-ADAF06B1F715}.Debug|x86.ActiveCfg = Debug|Any CPU
		{1D085FD3-DFD3-4D12-9275-ADAF06B1F715}.Release|Any CPU.ActiveCfg = Release|Any CPU
		{1D085FD3-DFD3-4D12-9275-ADAF06B1F715}.Release|Any CPU.Build.0 = Release|Any CPU
		{1D085FD3-DFD3-4D12-9275-ADAF06B1F715}.Release|Mixed Platforms.ActiveCfg = Release|Any CPU
		{1D085FD3-DFD3-4D12-9275-ADAF06B1F715}.Release|Mixed Platforms.Build.0 = Release|Any CPU
		{1D085FD3-DFD3-4D12-9275-ADAF06B1F715}.Release|x86.ActiveCfg = Release|Any CPU
		{A7E5CCFE-A949-49CF-85B7-4156B8924375}.Debug|Any CPU.ActiveCfg = Debug|Any CPU
		{A7E5CCFE-A949-49CF-85B7-4156B8924375}.Debug|Any CPU.Build.0 = Debug|Any CPU
		{A7E5CCFE-A949-49CF-85B7-4156B8924375}.Debug|Mixed Platforms.ActiveCfg = Debug|Any CPU
		{A7E5CCFE-A949-49CF-85B7-4156B8924375}.Debug|Mixed Platforms.Build.0 = Debug|Any CPU
		{A7E5CCFE-A949-49CF-85B7-4156B8924375}.Debug|x86.ActiveCfg = Debug|Any CPU
		{A7E5CCFE-A949-49CF-85B7-4156B8924375}.Release|Any CPU.ActiveCfg = Release|Any CPU
		{A7E5CCFE-A949-49CF-85B7-4156B8924375}.Release|Any CPU.Build.0 = Release|Any CPU
		{A7E5CCFE-A949-49CF-85B7-4156B8924375}.Release|Mixed Platforms.ActiveCfg = Release|Any CPU
		{A7E5CCFE-A949-49CF-85B7-4156B8924375}.Release|Mixed Platforms.Build.0 = Release|Any CPU
		{A7E5CCFE-A949-49CF-85B7-4156B8924375}.Release|x86.ActiveCfg = Release|Any CPU
		{723DA693-96C7-46A9-9E55-F626183AAAB4}.Debug|Any CPU.ActiveCfg = Debug|Any CPU
		{723DA693-96C7-46A9-9E55-F626183AAAB4}.Debug|Any CPU.Build.0 = Debug|Any CPU
		{723DA693-96C7-46A9-9E55-F626183AAAB4}.Debug|Mixed Platforms.ActiveCfg = Debug|Any CPU
		{723DA693-96C7-46A9-9E55-F626183AAAB4}.Debug|Mixed Platforms.Build.0 = Debug|Any CPU
		{723DA693-96C7-46A9-9E55-F626183AAAB4}.Debug|x86.ActiveCfg = Debug|Any CPU
		{723DA693-96C7-46A9-9E55-F626183AAAB4}.Release|Any CPU.ActiveCfg = Release|Any CPU
		{723DA693-96C7-46A9-9E55-F626183AAAB4}.Release|Any CPU.Build.0 = Release|Any CPU
		{723DA693-96C7-46A9-9E55-F626183AAAB4}.Release|Mixed Platforms.ActiveCfg = Release|Any CPU
		{723DA693-96C7-46A9-9E55-F626183AAAB4}.Release|Mixed Platforms.Build.0 = Release|Any CPU
		{723DA693-96C7-46A9-9E55-F626183AAAB4}.Release|x86.ActiveCfg = Release|Any CPU
		{1313EEBF-6F02-4222-9BAA-F55F3668AF0C}.Debug|Any CPU.ActiveCfg = Debug|Any CPU
		{1313EEBF-6F02-4222-9BAA-F55F3668AF0C}.Debug|Any CPU.Build.0 = Debug|Any CPU
		{1313EEBF-6F02-4222-9BAA-F55F3668AF0C}.Debug|Mixed Platforms.ActiveCfg = Debug|Any CPU
		{1313EEBF-6F02-4222-9BAA-F55F3668AF0C}.Debug|Mixed Platforms.Build.0 = Debug|Any CPU
		{1313EEBF-6F02-4222-9BAA-F55F3668AF0C}.Debug|x86.ActiveCfg = Debug|Any CPU
		{1313EEBF-6F02-4222-9BAA-F55F3668AF0C}.Release|Any CPU.ActiveCfg = Release|Any CPU
		{1313EEBF-6F02-4222-9BAA-F55F3668AF0C}.Release|Any CPU.Build.0 = Release|Any CPU
		{1313EEBF-6F02-4222-9BAA-F55F3668AF0C}.Release|Mixed Platforms.ActiveCfg = Release|Any CPU
		{1313EEBF-6F02-4222-9BAA-F55F3668AF0C}.Release|Mixed Platforms.Build.0 = Release|Any CPU
		{1313EEBF-6F02-4222-9BAA-F55F3668AF0C}.Release|x86.ActiveCfg = Release|Any CPU
		{37F9B06A-15DE-4964-AABA-B3D45CF93FBC}.Debug|Any CPU.ActiveCfg = Debug|Any CPU
		{37F9B06A-15DE-4964-AABA-B3D45CF93FBC}.Debug|Any CPU.Build.0 = Debug|Any CPU
		{37F9B06A-15DE-4964-AABA-B3D45CF93FBC}.Debug|Mixed Platforms.ActiveCfg = Debug|Any CPU
		{37F9B06A-15DE-4964-AABA-B3D45CF93FBC}.Debug|Mixed Platforms.Build.0 = Debug|Any CPU
		{37F9B06A-15DE-4964-AABA-B3D45CF93FBC}.Debug|x86.ActiveCfg = Debug|Any CPU
		{37F9B06A-15DE-4964-AABA-B3D45CF93FBC}.Release|Any CPU.ActiveCfg = Release|Any CPU
		{37F9B06A-15DE-4964-AABA-B3D45CF93FBC}.Release|Any CPU.Build.0 = Release|Any CPU
		{37F9B06A-15DE-4964-AABA-B3D45CF93FBC}.Release|Mixed Platforms.ActiveCfg = Release|Any CPU
		{37F9B06A-15DE-4964-AABA-B3D45CF93FBC}.Release|Mixed Platforms.Build.0 = Release|Any CPU
		{37F9B06A-15DE-4964-AABA-B3D45CF93FBC}.Release|x86.ActiveCfg = Release|Any CPU
		{B31DAE8F-02B6-456A-950A-FD4D9976800F}.Debug|Any CPU.ActiveCfg = Debug|Any CPU
		{B31DAE8F-02B6-456A-950A-FD4D9976800F}.Debug|Any CPU.Build.0 = Debug|Any CPU
		{B31DAE8F-02B6-456A-950A-FD4D9976800F}.Debug|Mixed Platforms.ActiveCfg = Debug|Any CPU
		{B31DAE8F-02B6-456A-950A-FD4D9976800F}.Debug|Mixed Platforms.Build.0 = Debug|Any CPU
		{B31DAE8F-02B6-456A-950A-FD4D9976800F}.Debug|x86.ActiveCfg = Debug|Any CPU
		{B31DAE8F-02B6-456A-950A-FD4D9976800F}.Release|Any CPU.ActiveCfg = Release|Any CPU
		{B31DAE8F-02B6-456A-950A-FD4D9976800F}.Release|Any CPU.Build.0 = Release|Any CPU
		{B31DAE8F-02B6-456A-950A-FD4D9976800F}.Release|Mixed Platforms.ActiveCfg = Release|Any CPU
		{B31DAE8F-02B6-456A-950A-FD4D9976800F}.Release|Mixed Platforms.Build.0 = Release|Any CPU
		{B31DAE8F-02B6-456A-950A-FD4D9976800F}.Release|x86.ActiveCfg = Release|Any CPU
		{7BB79DF1-35A9-4AD3-8BFE-6995D5815B1D}.Debug|Any CPU.ActiveCfg = Debug|Any CPU
		{7BB79DF1-35A9-4AD3-8BFE-6995D5815B1D}.Debug|Any CPU.Build.0 = Debug|Any CPU
		{7BB79DF1-35A9-4AD3-8BFE-6995D5815B1D}.Debug|Mixed Platforms.ActiveCfg = Debug|Any CPU
		{7BB79DF1-35A9-4AD3-8BFE-6995D5815B1D}.Debug|Mixed Platforms.Build.0 = Debug|Any CPU
		{7BB79DF1-35A9-4AD3-8BFE-6995D5815B1D}.Debug|x86.ActiveCfg = Debug|Any CPU
		{7BB79DF1-35A9-4AD3-8BFE-6995D5815B1D}.Release|Any CPU.ActiveCfg = Release|Any CPU
		{7BB79DF1-35A9-4AD3-8BFE-6995D5815B1D}.Release|Any CPU.Build.0 = Release|Any CPU
		{7BB79DF1-35A9-4AD3-8BFE-6995D5815B1D}.Release|Mixed Platforms.ActiveCfg = Release|Any CPU
		{7BB79DF1-35A9-4AD3-8BFE-6995D5815B1D}.Release|Mixed Platforms.Build.0 = Release|Any CPU
		{7BB79DF1-35A9-4AD3-8BFE-6995D5815B1D}.Release|x86.ActiveCfg = Release|Any CPU
		{B3532ED3-5A86-42F3-8CCA-1E4384D74943}.Debug|Any CPU.ActiveCfg = Debug|Any CPU
		{B3532ED3-5A86-42F3-8CCA-1E4384D74943}.Debug|Any CPU.Build.0 = Debug|Any CPU
		{B3532ED3-5A86-42F3-8CCA-1E4384D74943}.Debug|Mixed Platforms.ActiveCfg = Debug|Any CPU
		{B3532ED3-5A86-42F3-8CCA-1E4384D74943}.Debug|Mixed Platforms.Build.0 = Debug|Any CPU
		{B3532ED3-5A86-42F3-8CCA-1E4384D74943}.Debug|x86.ActiveCfg = Debug|Any CPU
		{B3532ED3-5A86-42F3-8CCA-1E4384D74943}.Release|Any CPU.ActiveCfg = Release|Any CPU
		{B3532ED3-5A86-42F3-8CCA-1E4384D74943}.Release|Any CPU.Build.0 = Release|Any CPU
		{B3532ED3-5A86-42F3-8CCA-1E4384D74943}.Release|Mixed Platforms.ActiveCfg = Release|Any CPU
		{B3532ED3-5A86-42F3-8CCA-1E4384D74943}.Release|Mixed Platforms.Build.0 = Release|Any CPU
		{B3532ED3-5A86-42F3-8CCA-1E4384D74943}.Release|x86.ActiveCfg = Release|Any CPU
		{B9164A35-99E7-4063-A4AF-AC5E04DBB34F}.Debug|Any CPU.ActiveCfg = Debug|Any CPU
		{B9164A35-99E7-4063-A4AF-AC5E04DBB34F}.Debug|Any CPU.Build.0 = Debug|Any CPU
		{B9164A35-99E7-4063-A4AF-AC5E04DBB34F}.Debug|Mixed Platforms.ActiveCfg = Debug|Any CPU
		{B9164A35-99E7-4063-A4AF-AC5E04DBB34F}.Debug|Mixed Platforms.Build.0 = Debug|Any CPU
		{B9164A35-99E7-4063-A4AF-AC5E04DBB34F}.Debug|x86.ActiveCfg = Debug|Any CPU
		{B9164A35-99E7-4063-A4AF-AC5E04DBB34F}.Release|Any CPU.ActiveCfg = Release|Any CPU
		{B9164A35-99E7-4063-A4AF-AC5E04DBB34F}.Release|Any CPU.Build.0 = Release|Any CPU
		{B9164A35-99E7-4063-A4AF-AC5E04DBB34F}.Release|Mixed Platforms.ActiveCfg = Release|Any CPU
		{B9164A35-99E7-4063-A4AF-AC5E04DBB34F}.Release|Mixed Platforms.Build.0 = Release|Any CPU
		{B9164A35-99E7-4063-A4AF-AC5E04DBB34F}.Release|x86.ActiveCfg = Release|Any CPU
		{0C13A00E-8194-41B4-BC2B-DE0ADB927F76}.Debug|Any CPU.ActiveCfg = Debug|Any CPU
		{0C13A00E-8194-41B4-BC2B-DE0ADB927F76}.Debug|Any CPU.Build.0 = Debug|Any CPU
		{0C13A00E-8194-41B4-BC2B-DE0ADB927F76}.Debug|Mixed Platforms.ActiveCfg = Debug|Any CPU
		{0C13A00E-8194-41B4-BC2B-DE0ADB927F76}.Debug|Mixed Platforms.Build.0 = Debug|Any CPU
		{0C13A00E-8194-41B4-BC2B-DE0ADB927F76}.Debug|x86.ActiveCfg = Debug|Any CPU
		{0C13A00E-8194-41B4-BC2B-DE0ADB927F76}.Release|Any CPU.ActiveCfg = Release|Any CPU
		{0C13A00E-8194-41B4-BC2B-DE0ADB927F76}.Release|Any CPU.Build.0 = Release|Any CPU
		{0C13A00E-8194-41B4-BC2B-DE0ADB927F76}.Release|Mixed Platforms.ActiveCfg = Release|Any CPU
		{0C13A00E-8194-41B4-BC2B-DE0ADB927F76}.Release|Mixed Platforms.Build.0 = Release|Any CPU
		{0C13A00E-8194-41B4-BC2B-DE0ADB927F76}.Release|x86.ActiveCfg = Release|Any CPU
		{8E60C416-5EFB-48D8-9099-349DCA7DC61F}.Debug|Any CPU.ActiveCfg = Debug|Any CPU
		{8E60C416-5EFB-48D8-9099-349DCA7DC61F}.Debug|Any CPU.Build.0 = Debug|Any CPU
		{8E60C416-5EFB-48D8-9099-349DCA7DC61F}.Debug|Mixed Platforms.ActiveCfg = Debug|Any CPU
		{8E60C416-5EFB-48D8-9099-349DCA7DC61F}.Debug|Mixed Platforms.Build.0 = Debug|Any CPU
		{8E60C416-5EFB-48D8-9099-349DCA7DC61F}.Debug|x86.ActiveCfg = Debug|Any CPU
		{8E60C416-5EFB-48D8-9099-349DCA7DC61F}.Release|Any CPU.ActiveCfg = Release|Any CPU
		{8E60C416-5EFB-48D8-9099-349DCA7DC61F}.Release|Any CPU.Build.0 = Release|Any CPU
		{8E60C416-5EFB-48D8-9099-349DCA7DC61F}.Release|Mixed Platforms.ActiveCfg = Release|Any CPU
		{8E60C416-5EFB-48D8-9099-349DCA7DC61F}.Release|Mixed Platforms.Build.0 = Release|Any CPU
		{8E60C416-5EFB-48D8-9099-349DCA7DC61F}.Release|x86.ActiveCfg = Release|Any CPU
		{C4D0415B-0B49-4BE0-9964-1E7FE18D1F3D}.Debug|Any CPU.ActiveCfg = Debug|Any CPU
		{C4D0415B-0B49-4BE0-9964-1E7FE18D1F3D}.Debug|Any CPU.Build.0 = Debug|Any CPU
		{C4D0415B-0B49-4BE0-9964-1E7FE18D1F3D}.Debug|Mixed Platforms.ActiveCfg = Debug|Any CPU
		{C4D0415B-0B49-4BE0-9964-1E7FE18D1F3D}.Debug|Mixed Platforms.Build.0 = Debug|Any CPU
		{C4D0415B-0B49-4BE0-9964-1E7FE18D1F3D}.Debug|x86.ActiveCfg = Debug|Any CPU
		{C4D0415B-0B49-4BE0-9964-1E7FE18D1F3D}.Release|Any CPU.ActiveCfg = Release|Any CPU
		{C4D0415B-0B49-4BE0-9964-1E7FE18D1F3D}.Release|Any CPU.Build.0 = Release|Any CPU
		{C4D0415B-0B49-4BE0-9964-1E7FE18D1F3D}.Release|Mixed Platforms.ActiveCfg = Release|Any CPU
		{C4D0415B-0B49-4BE0-9964-1E7FE18D1F3D}.Release|Mixed Platforms.Build.0 = Release|Any CPU
		{C4D0415B-0B49-4BE0-9964-1E7FE18D1F3D}.Release|x86.ActiveCfg = Release|Any CPU
		{DD3550F5-F688-4C48-8F43-6950F439BD45}.Debug|Any CPU.ActiveCfg = Debug|Any CPU
		{DD3550F5-F688-4C48-8F43-6950F439BD45}.Debug|Any CPU.Build.0 = Debug|Any CPU
		{DD3550F5-F688-4C48-8F43-6950F439BD45}.Debug|Mixed Platforms.ActiveCfg = Debug|Any CPU
		{DD3550F5-F688-4C48-8F43-6950F439BD45}.Debug|Mixed Platforms.Build.0 = Debug|Any CPU
		{DD3550F5-F688-4C48-8F43-6950F439BD45}.Debug|x86.ActiveCfg = Debug|Any CPU
		{DD3550F5-F688-4C48-8F43-6950F439BD45}.Release|Any CPU.ActiveCfg = Release|Any CPU
		{DD3550F5-F688-4C48-8F43-6950F439BD45}.Release|Any CPU.Build.0 = Release|Any CPU
		{DD3550F5-F688-4C48-8F43-6950F439BD45}.Release|Mixed Platforms.ActiveCfg = Release|Any CPU
		{DD3550F5-F688-4C48-8F43-6950F439BD45}.Release|Mixed Platforms.Build.0 = Release|Any CPU
		{DD3550F5-F688-4C48-8F43-6950F439BD45}.Release|x86.ActiveCfg = Release|Any CPU
		{1C699765-D214-4045-AE5B-02DC5D3A0702}.Debug|Any CPU.ActiveCfg = Debug|Any CPU
		{1C699765-D214-4045-AE5B-02DC5D3A0702}.Debug|Any CPU.Build.0 = Debug|Any CPU
		{1C699765-D214-4045-AE5B-02DC5D3A0702}.Debug|Mixed Platforms.ActiveCfg = Debug|Any CPU
		{1C699765-D214-4045-AE5B-02DC5D3A0702}.Debug|Mixed Platforms.Build.0 = Debug|Any CPU
		{1C699765-D214-4045-AE5B-02DC5D3A0702}.Debug|x86.ActiveCfg = Debug|Any CPU
		{1C699765-D214-4045-AE5B-02DC5D3A0702}.Release|Any CPU.ActiveCfg = Release|Any CPU
		{1C699765-D214-4045-AE5B-02DC5D3A0702}.Release|Any CPU.Build.0 = Release|Any CPU
		{1C699765-D214-4045-AE5B-02DC5D3A0702}.Release|Mixed Platforms.ActiveCfg = Release|Any CPU
		{1C699765-D214-4045-AE5B-02DC5D3A0702}.Release|Mixed Platforms.Build.0 = Release|Any CPU
		{1C699765-D214-4045-AE5B-02DC5D3A0702}.Release|x86.ActiveCfg = Release|Any CPU
		{D77FBEAD-AEE4-43A2-B104-D8625503748F}.Debug|Any CPU.ActiveCfg = Debug|Any CPU
		{D77FBEAD-AEE4-43A2-B104-D8625503748F}.Debug|Any CPU.Build.0 = Debug|Any CPU
		{D77FBEAD-AEE4-43A2-B104-D8625503748F}.Debug|Mixed Platforms.ActiveCfg = Debug|Any CPU
		{D77FBEAD-AEE4-43A2-B104-D8625503748F}.Debug|Mixed Platforms.Build.0 = Debug|Any CPU
		{D77FBEAD-AEE4-43A2-B104-D8625503748F}.Debug|x86.ActiveCfg = Debug|Any CPU
		{D77FBEAD-AEE4-43A2-B104-D8625503748F}.Release|Any CPU.ActiveCfg = Release|Any CPU
		{D77FBEAD-AEE4-43A2-B104-D8625503748F}.Release|Any CPU.Build.0 = Release|Any CPU
		{D77FBEAD-AEE4-43A2-B104-D8625503748F}.Release|Mixed Platforms.ActiveCfg = Release|Any CPU
		{D77FBEAD-AEE4-43A2-B104-D8625503748F}.Release|Mixed Platforms.Build.0 = Release|Any CPU
		{D77FBEAD-AEE4-43A2-B104-D8625503748F}.Release|x86.ActiveCfg = Release|Any CPU
		{11D1DBBB-7A53-475F-880A-E4C1BE165BEE}.Debug|Any CPU.ActiveCfg = Debug|Any CPU
		{11D1DBBB-7A53-475F-880A-E4C1BE165BEE}.Debug|Any CPU.Build.0 = Debug|Any CPU
		{11D1DBBB-7A53-475F-880A-E4C1BE165BEE}.Debug|Mixed Platforms.ActiveCfg = Debug|Any CPU
		{11D1DBBB-7A53-475F-880A-E4C1BE165BEE}.Debug|Mixed Platforms.Build.0 = Debug|Any CPU
		{11D1DBBB-7A53-475F-880A-E4C1BE165BEE}.Debug|x86.ActiveCfg = Debug|Any CPU
		{11D1DBBB-7A53-475F-880A-E4C1BE165BEE}.Release|Any CPU.ActiveCfg = Release|Any CPU
		{11D1DBBB-7A53-475F-880A-E4C1BE165BEE}.Release|Any CPU.Build.0 = Release|Any CPU
		{11D1DBBB-7A53-475F-880A-E4C1BE165BEE}.Release|Mixed Platforms.ActiveCfg = Release|Any CPU
		{11D1DBBB-7A53-475F-880A-E4C1BE165BEE}.Release|Mixed Platforms.Build.0 = Release|Any CPU
		{11D1DBBB-7A53-475F-880A-E4C1BE165BEE}.Release|x86.ActiveCfg = Release|Any CPU
		{DAE5452F-58D7-4604-AB6F-0755DB6D0081}.Debug|Any CPU.ActiveCfg = Debug|Any CPU
		{DAE5452F-58D7-4604-AB6F-0755DB6D0081}.Debug|Any CPU.Build.0 = Debug|Any CPU
		{DAE5452F-58D7-4604-AB6F-0755DB6D0081}.Debug|Mixed Platforms.ActiveCfg = Debug|Any CPU
		{DAE5452F-58D7-4604-AB6F-0755DB6D0081}.Debug|Mixed Platforms.Build.0 = Debug|Any CPU
		{DAE5452F-58D7-4604-AB6F-0755DB6D0081}.Debug|x86.ActiveCfg = Debug|Any CPU
		{DAE5452F-58D7-4604-AB6F-0755DB6D0081}.Release|Any CPU.ActiveCfg = Release|Any CPU
		{DAE5452F-58D7-4604-AB6F-0755DB6D0081}.Release|Any CPU.Build.0 = Release|Any CPU
		{DAE5452F-58D7-4604-AB6F-0755DB6D0081}.Release|Mixed Platforms.ActiveCfg = Release|Any CPU
		{DAE5452F-58D7-4604-AB6F-0755DB6D0081}.Release|Mixed Platforms.Build.0 = Release|Any CPU
		{DAE5452F-58D7-4604-AB6F-0755DB6D0081}.Release|x86.ActiveCfg = Release|Any CPU
		{5A169C31-E42B-447D-B808-B3513D401EDC}.Debug|Any CPU.ActiveCfg = Debug|Any CPU
		{5A169C31-E42B-447D-B808-B3513D401EDC}.Debug|Any CPU.Build.0 = Debug|Any CPU
		{5A169C31-E42B-447D-B808-B3513D401EDC}.Debug|Mixed Platforms.ActiveCfg = Debug|Any CPU
		{5A169C31-E42B-447D-B808-B3513D401EDC}.Debug|Mixed Platforms.Build.0 = Debug|Any CPU
		{5A169C31-E42B-447D-B808-B3513D401EDC}.Debug|x86.ActiveCfg = Debug|Any CPU
		{5A169C31-E42B-447D-B808-B3513D401EDC}.Release|Any CPU.ActiveCfg = Release|Any CPU
		{5A169C31-E42B-447D-B808-B3513D401EDC}.Release|Any CPU.Build.0 = Release|Any CPU
		{5A169C31-E42B-447D-B808-B3513D401EDC}.Release|Mixed Platforms.ActiveCfg = Release|Any CPU
		{5A169C31-E42B-447D-B808-B3513D401EDC}.Release|Mixed Platforms.Build.0 = Release|Any CPU
		{5A169C31-E42B-447D-B808-B3513D401EDC}.Release|x86.ActiveCfg = Release|Any CPU
	EndGlobalSection
	GlobalSection(SolutionProperties) = preSolution
		HideSolutionNode = FALSE
	EndGlobalSection
	GlobalSection(NestedProjects) = preSolution
		{409BC9B3-079A-4FC5-870D-B16E4A6E3EE5} = {CEA264F4-ABB6-4B63-AA28-E08BDE471368}
		{BBFCDC81-477C-4D2C-BBF6-8D613571AD9D} = {CEA264F4-ABB6-4B63-AA28-E08BDE471368}
		{2FD03429-196B-4A6C-982F-4FEE3FF485AD} = {CEA264F4-ABB6-4B63-AA28-E08BDE471368}
		{A7E5CCFE-A949-49CF-85B7-4156B8924375} = {CEA264F4-ABB6-4B63-AA28-E08BDE471368}
		{723DA693-96C7-46A9-9E55-F626183AAAB4} = {CEA264F4-ABB6-4B63-AA28-E08BDE471368}
		{B31DAE8F-02B6-456A-950A-FD4D9976800F} = {CEA264F4-ABB6-4B63-AA28-E08BDE471368}
		{B3532ED3-5A86-42F3-8CCA-1E4384D74943} = {CEA264F4-ABB6-4B63-AA28-E08BDE471368}
		{0C13A00E-8194-41B4-BC2B-DE0ADB927F76} = {CEA264F4-ABB6-4B63-AA28-E08BDE471368}
		{C4D0415B-0B49-4BE0-9964-1E7FE18D1F3D} = {CEA264F4-ABB6-4B63-AA28-E08BDE471368}
		{1C699765-D214-4045-AE5B-02DC5D3A0702} = {CEA264F4-ABB6-4B63-AA28-E08BDE471368}
		{DAE5452F-58D7-4604-AB6F-0755DB6D0081} = {CEA264F4-ABB6-4B63-AA28-E08BDE471368}
	EndGlobalSection
EndGlobal
