
Microsoft Visual Studio Solution File, Format Version 12.00
# Visual Studio 2013
VisualStudioVersion = 12.0.31101.0
MinimumVisualStudioVersion = 10.0.40219.1
Project("{F088123C-0E9E-452A-89E6-6BA2F21D5CAC}") = "UMLStart", "UMLStart\UMLStart.modelproj", "{310072E9-DBF1-49BF-ABFA-370233917335}"
EndProject
Project("{FAE04EC0-301F-11D3-BF4B-00C04F79EFBC}") = "AbstractFactoryMyExcample", "AbstractFactory\AbstractFactoryMyExcample.csproj", "{409BC9B3-079A-4FC5-870D-B16E4A6E3EE5}"
EndProject
Project("{FAE04EC0-301F-11D3-BF4B-00C04F79EFBC}") = "AbstractFactory", "Labirint\AbstractFactory.csproj", "{45D3F315-66B9-41F7-AF3D-E03B8ED5A939}"
EndProject
Project("{FAE04EC0-301F-11D3-BF4B-00C04F79EFBC}") = "Builder", "Builder\Builder.csproj", "{D855E872-36C9-4427-8742-02C473A39E92}"
EndProject
Project("{FAE04EC0-301F-11D3-BF4B-00C04F79EFBC}") = "BuilderMyExcample", "BuilderMyExcample\BuilderMyExcample.csproj", "{BBFCDC81-477C-4D2C-BBF6-8D613571AD9D}"
EndProject
Project("{FAE04EC0-301F-11D3-BF4B-00C04F79EFBC}") = "AbstractMethod", "AbstractMethod\AbstractMethod.csproj", "{5E6971DE-64EE-42A3-8C5A-CF2D1623A6C7}"
EndProject
Project("{FAE04EC0-301F-11D3-BF4B-00C04F79EFBC}") = "Prototype", "Prototype\Prototype.csproj", "{2FD03429-196B-4A6C-982F-4FEE3FF485AD}"
EndProject
Project("{2150E333-8FDC-42A3-9474-1A3956D46DE8}") = "MyExcample", "MyExcample", "{CEA264F4-ABB6-4B63-AA28-E08BDE471368}"
EndProject
Global
	GlobalSection(SolutionConfigurationPlatforms) = preSolution
		Debug|Any CPU = Debug|Any CPU
		Debug|Mixed Platforms = Debug|Mixed Platforms
		Debug|x86 = Debug|x86
		Release|Any CPU = Release|Any CPU
		Release|Mixed Platforms = Release|Mixed Platforms
		Release|x86 = Release|x86
	EndGlobalSection
	GlobalSection(ProjectConfigurationPlatforms) = postSolution
		{310072E9-DBF1-49BF-ABFA-370233917335}.Debug|Any CPU.ActiveCfg = Debug|Any CPU
		{310072E9-DBF1-49BF-ABFA-370233917335}.Debug|Any CPU.Build.0 = Debug|Any CPU
		{310072E9-DBF1-49BF-ABFA-370233917335}.Debug|Mixed Platforms.ActiveCfg = Debug|Any CPU
		{310072E9-DBF1-49BF-ABFA-370233917335}.Debug|Mixed Platforms.Build.0 = Debug|Any CPU
		{310072E9-DBF1-49BF-ABFA-370233917335}.Debug|x86.ActiveCfg = Debug|Any CPU
		{310072E9-DBF1-49BF-ABFA-370233917335}.Release|Any CPU.ActiveCfg = Release|Any CPU
		{310072E9-DBF1-49BF-ABFA-370233917335}.Release|Any CPU.Build.0 = Release|Any CPU
		{310072E9-DBF1-49BF-ABFA-370233917335}.Release|Mixed Platforms.ActiveCfg = Release|Any CPU
		{310072E9-DBF1-49BF-ABFA-370233917335}.Release|Mixed Platforms.Build.0 = Release|Any CPU
		{310072E9-DBF1-49BF-ABFA-370233917335}.Release|x86.ActiveCfg = Release|Any CPU
		{409BC9B3-079A-4FC5-870D-B16E4A6E3EE5}.Debug|Any CPU.ActiveCfg = Debug|Any CPU
		{409BC9B3-079A-4FC5-870D-B16E4A6E3EE5}.Debug|Any CPU.Build.0 = Debug|Any CPU
		{409BC9B3-079A-4FC5-870D-B16E4A6E3EE5}.Debug|Mixed Platforms.ActiveCfg = Debug|Any CPU
		{409BC9B3-079A-4FC5-870D-B16E4A6E3EE5}.Debug|Mixed Platforms.Build.0 = Debug|Any CPU
		{409BC9B3-079A-4FC5-870D-B16E4A6E3EE5}.Debug|x86.ActiveCfg = Debug|Any CPU
		{409BC9B3-079A-4FC5-870D-B16E4A6E3EE5}.Release|Any CPU.ActiveCfg = Release|Any CPU
		{409BC9B3-079A-4FC5-870D-B16E4A6E3EE5}.Release|Any CPU.Build.0 = Release|Any CPU
		{409BC9B3-079A-4FC5-870D-B16E4A6E3EE5}.Release|Mixed Platforms.ActiveCfg = Release|Any CPU
		{409BC9B3-079A-4FC5-870D-B16E4A6E3EE5}.Release|Mixed Platforms.Build.0 = Release|Any CPU
		{409BC9B3-079A-4FC5-870D-B16E4A6E3EE5}.Release|x86.ActiveCfg = Release|Any CPU
		{45D3F315-66B9-41F7-AF3D-E03B8ED5A939}.Debug|Any CPU.ActiveCfg = Debug|Any CPU
		{45D3F315-66B9-41F7-AF3D-E03B8ED5A939}.Debug|Any CPU.Build.0 = Debug|Any CPU
		{45D3F315-66B9-41F7-AF3D-E03B8ED5A939}.Debug|Mixed Platforms.ActiveCfg = Debug|Any CPU
		{45D3F315-66B9-41F7-AF3D-E03B8ED5A939}.Debug|Mixed Platforms.Build.0 = Debug|Any CPU
		{45D3F315-66B9-41F7-AF3D-E03B8ED5A939}.Debug|x86.ActiveCfg = Debug|Any CPU
		{45D3F315-66B9-41F7-AF3D-E03B8ED5A939}.Release|Any CPU.ActiveCfg = Release|Any CPU
		{45D3F315-66B9-41F7-AF3D-E03B8ED5A939}.Release|Any CPU.Build.0 = Release|Any CPU
		{45D3F315-66B9-41F7-AF3D-E03B8ED5A939}.Release|Mixed Platforms.ActiveCfg = Release|Any CPU
		{45D3F315-66B9-41F7-AF3D-E03B8ED5A939}.Release|Mixed Platforms.Build.0 = Release|Any CPU
		{45D3F315-66B9-41F7-AF3D-E03B8ED5A939}.Release|x86.ActiveCfg = Release|Any CPU
		{D855E872-36C9-4427-8742-02C473A39E92}.Debug|Any CPU.ActiveCfg = Debug|Any CPU
		{D855E872-36C9-4427-8742-02C473A39E92}.Debug|Any CPU.Build.0 = Debug|Any CPU
		{D855E872-36C9-4427-8742-02C473A39E92}.Debug|Mixed Platforms.ActiveCfg = Debug|Any CPU
		{D855E872-36C9-4427-8742-02C473A39E92}.Debug|Mixed Platforms.Build.0 = Debug|Any CPU
		{D855E872-36C9-4427-8742-02C473A39E92}.Debug|x86.ActiveCfg = Debug|Any CPU
		{D855E872-36C9-4427-8742-02C473A39E92}.Release|Any CPU.ActiveCfg = Release|Any CPU
		{D855E872-36C9-4427-8742-02C473A39E92}.Release|Any CPU.Build.0 = Release|Any CPU
		{D855E872-36C9-4427-8742-02C473A39E92}.Release|Mixed Platforms.ActiveCfg = Release|Any CPU
		{D855E872-36C9-4427-8742-02C473A39E92}.Release|Mixed Platforms.Build.0 = Release|Any CPU
		{D855E872-36C9-4427-8742-02C473A39E92}.Release|x86.ActiveCfg = Release|Any CPU
		{BBFCDC81-477C-4D2C-BBF6-8D613571AD9D}.Debug|Any CPU.ActiveCfg = Debug|Any CPU
		{BBFCDC81-477C-4D2C-BBF6-8D613571AD9D}.Debug|Any CPU.Build.0 = Debug|Any CPU
		{BBFCDC81-477C-4D2C-BBF6-8D613571AD9D}.Debug|Mixed Platforms.ActiveCfg = Debug|Any CPU
		{BBFCDC81-477C-4D2C-BBF6-8D613571AD9D}.Debug|Mixed Platforms.Build.0 = Debug|Any CPU
		{BBFCDC81-477C-4D2C-BBF6-8D613571AD9D}.Debug|x86.ActiveCfg = Debug|Any CPU
		{BBFCDC81-477C-4D2C-BBF6-8D613571AD9D}.Release|Any CPU.ActiveCfg = Release|Any CPU
		{BBFCDC81-477C-4D2C-BBF6-8D613571AD9D}.Release|Any CPU.Build.0 = Release|Any CPU
		{BBFCDC81-477C-4D2C-BBF6-8D613571AD9D}.Release|Mixed Platforms.ActiveCfg = Release|Any CPU
		{BBFCDC81-477C-4D2C-BBF6-8D613571AD9D}.Release|Mixed Platforms.Build.0 = Release|Any CPU
		{BBFCDC81-477C-4D2C-BBF6-8D613571AD9D}.Release|x86.ActiveCfg = Release|Any CPU
		{5E6971DE-64EE-42A3-8C5A-CF2D1623A6C7}.Debug|Any CPU.ActiveCfg = Debug|Any CPU
		{5E6971DE-64EE-42A3-8C5A-CF2D1623A6C7}.Debug|Any CPU.Build.0 = Debug|Any CPU
		{5E6971DE-64EE-42A3-8C5A-CF2D1623A6C7}.Debug|Mixed Platforms.ActiveCfg = Debug|Any CPU
		{5E6971DE-64EE-42A3-8C5A-CF2D1623A6C7}.Debug|Mixed Platforms.Build.0 = Debug|Any CPU
		{5E6971DE-64EE-42A3-8C5A-CF2D1623A6C7}.Debug|x86.ActiveCfg = Debug|Any CPU
		{5E6971DE-64EE-42A3-8C5A-CF2D1623A6C7}.Release|Any CPU.ActiveCfg = Release|Any CPU
		{5E6971DE-64EE-42A3-8C5A-CF2D1623A6C7}.Release|Any CPU.Build.0 = Release|Any CPU
		{5E6971DE-64EE-42A3-8C5A-CF2D1623A6C7}.Release|Mixed Platforms.ActiveCfg = Release|Any CPU
		{5E6971DE-64EE-42A3-8C5A-CF2D1623A6C7}.Release|Mixed Platforms.Build.0 = Release|Any CPU
		{5E6971DE-64EE-42A3-8C5A-CF2D1623A6C7}.Release|x86.ActiveCfg = Release|Any CPU
		{2FD03429-196B-4A6C-982F-4FEE3FF485AD}.Debug|Any CPU.ActiveCfg = Debug|Any CPU
		{2FD03429-196B-4A6C-982F-4FEE3FF485AD}.Debug|Any CPU.Build.0 = Debug|Any CPU
		{2FD03429-196B-4A6C-982F-4FEE3FF485AD}.Debug|Mixed Platforms.ActiveCfg = Debug|Any CPU
		{2FD03429-196B-4A6C-982F-4FEE3FF485AD}.Debug|Mixed Platforms.Build.0 = Debug|Any CPU
		{2FD03429-196B-4A6C-982F-4FEE3FF485AD}.Debug|x86.ActiveCfg = Debug|Any CPU
		{2FD03429-196B-4A6C-982F-4FEE3FF485AD}.Release|Any CPU.ActiveCfg = Release|Any CPU
		{2FD03429-196B-4A6C-982F-4FEE3FF485AD}.Release|Any CPU.Build.0 = Release|Any CPU
		{2FD03429-196B-4A6C-982F-4FEE3FF485AD}.Release|Mixed Platforms.ActiveCfg = Release|Any CPU
		{2FD03429-196B-4A6C-982F-4FEE3FF485AD}.Release|Mixed Platforms.Build.0 = Release|Any CPU
		{2FD03429-196B-4A6C-982F-4FEE3FF485AD}.Release|x86.ActiveCfg = Release|Any CPU
	EndGlobalSection
	GlobalSection(SolutionProperties) = preSolution
		HideSolutionNode = FALSE
	EndGlobalSection
	GlobalSection(NestedProjects) = preSolution
		{409BC9B3-079A-4FC5-870D-B16E4A6E3EE5} = {CEA264F4-ABB6-4B63-AA28-E08BDE471368}
		{BBFCDC81-477C-4D2C-BBF6-8D613571AD9D} = {CEA264F4-ABB6-4B63-AA28-E08BDE471368}
	EndGlobalSection
EndGlobal
