
Microsoft Visual Studio Solution File, Format Version 12.00
# Visual Studio 2012
Project("{FAE04EC0-301F-11D3-BF4B-00C04F79EFBC}") = "003_List", "003_List.csproj", "{0BBC5957-855A-4620-88E3-B58804BD382E}"
EndProject
Global
	GlobalSection(SolutionConfigurationPlatforms) = preSolution
		Debug|Any CPU = Debug|Any CPU
		Release|Any CPU = Release|Any CPU
	EndGlobalSection
	GlobalSection(ProjectConfigurationPlatforms) = postSolution
		{0BBC5957-855A-4620-88E3-B58804BD382E}.Debug|Any CPU.ActiveCfg = Debug|Any CPU
		{0BBC5957-855A-4620-88E3-B58804BD382E}.Debug|Any CPU.Build.0 = Debug|Any CPU
		{0BBC5957-855A-4620-88E3-B58804BD382E}.Release|Any CPU.ActiveCfg = Release|Any CPU
		{0BBC5957-855A-4620-88E3-B58804BD382E}.Release|Any CPU.Build.0 = Release|Any CPU
	EndGlobalSection
	GlobalSection(SolutionProperties) = preSolution
		HideSolutionNode = FALSE
	EndGlobalSection
EndGlobal
