
Microsoft Visual Studio Solution File, Format Version 12.00
# Visual Studio 2012
Project("{FAE04EC0-301F-11D3-BF4B-00C04F79EFBC}") = "Strategy", "Strategy\Strategy.csproj", "{7CFFE5A9-9EF4-4F14-8AB5-ADB5114AB618}"
EndProject
Project("{F088123C-0E9E-452A-89E6-6BA2F21D5CAC}") = "ModelingStrategy", "ModelingStrategy\ModelingStrategy.modelproj", "{C849291E-E8F2-4958-9C87-E12BAB7AC622}"
EndProject
Global
	GlobalSection(SolutionConfigurationPlatforms) = preSolution
		Debug|Any CPU = Debug|Any CPU
		Release|Any CPU = Release|Any CPU
	EndGlobalSection
	GlobalSection(ProjectConfigurationPlatforms) = postSolution
		{7CFFE5A9-9EF4-4F14-8AB5-ADB5114AB618}.Debug|Any CPU.ActiveCfg = Debug|Any CPU
		{7CFFE5A9-9EF4-4F14-8AB5-ADB5114AB618}.Debug|Any CPU.Build.0 = Debug|Any CPU
		{7CFFE5A9-9EF4-4F14-8AB5-ADB5114AB618}.Release|Any CPU.ActiveCfg = Release|Any CPU
		{7CFFE5A9-9EF4-4F14-8AB5-ADB5114AB618}.Release|Any CPU.Build.0 = Release|Any CPU
		{C849291E-E8F2-4958-9C87-E12BAB7AC622}.Debug|Any CPU.ActiveCfg = Debug|Any CPU
		{C849291E-E8F2-4958-9C87-E12BAB7AC622}.Debug|Any CPU.Build.0 = Debug|Any CPU
		{C849291E-E8F2-4958-9C87-E12BAB7AC622}.Release|Any CPU.ActiveCfg = Release|Any CPU
		{C849291E-E8F2-4958-9C87-E12BAB7AC622}.Release|Any CPU.Build.0 = Release|Any CPU
	EndGlobalSection
	GlobalSection(SolutionProperties) = preSolution
		HideSolutionNode = FALSE
	EndGlobalSection
EndGlobal
