
Microsoft Visual Studio Solution File, Format Version 11.00
# Visual Studio 2010
Project("{FAE04EC0-301F-11D3-BF4B-00C04F79EFBC}") = "ServiceLocator_1", "ServiceLocator_1\ServiceLocator_1.csproj", "{CFE2527F-E344-4C72-B674-73B7698B1925}"
EndProject
Global
	GlobalSection(SolutionConfigurationPlatforms) = preSolution
		Debug|x86 = Debug|x86
		Release|x86 = Release|x86
	EndGlobalSection
	GlobalSection(ProjectConfigurationPlatforms) = postSolution
		{CFE2527F-E344-4C72-B674-73B7698B1925}.Debug|x86.ActiveCfg = Debug|x86
		{CFE2527F-E344-4C72-B674-73B7698B1925}.Debug|x86.Build.0 = Debug|x86
		{CFE2527F-E344-4C72-B674-73B7698B1925}.Release|x86.ActiveCfg = Release|x86
		{CFE2527F-E344-4C72-B674-73B7698B1925}.Release|x86.Build.0 = Release|x86
	EndGlobalSection
	GlobalSection(SolutionProperties) = preSolution
		HideSolutionNode = FALSE
	EndGlobalSection
EndGlobal
