
Microsoft Visual Studio Solution File, Format Version 12.00
# Visual Studio 2012
Project("{FAE04EC0-301F-11D3-BF4B-00C04F79EFBC}") = "Bank", "Bank.csproj", "{03296109-323F-41CA-80F0-2EE92D9E9364}"
EndProject
Global
	GlobalSection(SolutionConfigurationPlatforms) = preSolution
		Debug|Any CPU = Debug|Any CPU
		Release|Any CPU = Release|Any CPU
	EndGlobalSection
	GlobalSection(ProjectConfigurationPlatforms) = postSolution
		{03296109-323F-41CA-80F0-2EE92D9E9364}.Debug|Any CPU.ActiveCfg = Debug|Any CPU
		{03296109-323F-41CA-80F0-2EE92D9E9364}.Debug|Any CPU.Build.0 = Debug|Any CPU
		{03296109-323F-41CA-80F0-2EE92D9E9364}.Release|Any CPU.ActiveCfg = Release|Any CPU
		{03296109-323F-41CA-80F0-2EE92D9E9364}.Release|Any CPU.Build.0 = Release|Any CPU
	EndGlobalSection
	GlobalSection(SolutionProperties) = preSolution
		HideSolutionNode = FALSE
	EndGlobalSection
EndGlobal
