
Microsoft Visual Studio Solution File, Format Version 12.00
# Visual Studio 2012
Project("{FAE04EC0-301F-11D3-BF4B-00C04F79EFBC}") = "002_Observer", "Observer\002_Observer.csproj", "{80D48257-E2BB-4380-9276-B18198C10B1D}"
EndProject
Project("{FAE04EC0-301F-11D3-BF4B-00C04F79EFBC}") = "001_Observer", "Observer1\001_Observer.csproj", "{56B1396D-A121-442D-A54C-9330C10DD7A0}"
EndProject
Global
	GlobalSection(SolutionConfigurationPlatforms) = preSolution
		Debug|Any CPU = Debug|Any CPU
		Release|Any CPU = Release|Any CPU
	EndGlobalSection
	GlobalSection(ProjectConfigurationPlatforms) = postSolution
		{80D48257-E2BB-4380-9276-B18198C10B1D}.Debug|Any CPU.ActiveCfg = Debug|Any CPU
		{80D48257-E2BB-4380-9276-B18198C10B1D}.Debug|Any CPU.Build.0 = Debug|Any CPU
		{80D48257-E2BB-4380-9276-B18198C10B1D}.Release|Any CPU.ActiveCfg = Release|Any CPU
		{80D48257-E2BB-4380-9276-B18198C10B1D}.Release|Any CPU.Build.0 = Release|Any CPU
		{56B1396D-A121-442D-A54C-9330C10DD7A0}.Debug|Any CPU.ActiveCfg = Debug|Any CPU
		{56B1396D-A121-442D-A54C-9330C10DD7A0}.Debug|Any CPU.Build.0 = Debug|Any CPU
		{56B1396D-A121-442D-A54C-9330C10DD7A0}.Release|Any CPU.ActiveCfg = Release|Any CPU
		{56B1396D-A121-442D-A54C-9330C10DD7A0}.Release|Any CPU.Build.0 = Release|Any CPU
	EndGlobalSection
	GlobalSection(SolutionProperties) = preSolution
		HideSolutionNode = FALSE
	EndGlobalSection
EndGlobal
