
Microsoft Visual Studio Solution File, Format Version 12.00
# Visual Studio 2012
Project("{FAE04EC0-301F-11D3-BF4B-00C04F79EFBC}") = "FigureManipulators", "FigureManipulators\FigureManipulators.csproj", "{3C473B9A-E389-42DA-868E-CC6328566C21}"
EndProject
Project("{F088123C-0E9E-452A-89E6-6BA2F21D5CAC}") = "ModelingProject", "ModelingProject\ModelingProject.modelproj", "{9B9CC7AB-0FB3-4FD5-B1D8-CC2B8FB21BB0}"
EndProject
Global
	GlobalSection(SolutionConfigurationPlatforms) = preSolution
		Debug|Any CPU = Debug|Any CPU
		Release|Any CPU = Release|Any CPU
	EndGlobalSection
	GlobalSection(ProjectConfigurationPlatforms) = postSolution
		{3C473B9A-E389-42DA-868E-CC6328566C21}.Debug|Any CPU.ActiveCfg = Debug|Any CPU
		{3C473B9A-E389-42DA-868E-CC6328566C21}.Debug|Any CPU.Build.0 = Debug|Any CPU
		{3C473B9A-E389-42DA-868E-CC6328566C21}.Release|Any CPU.ActiveCfg = Release|Any CPU
		{3C473B9A-E389-42DA-868E-CC6328566C21}.Release|Any CPU.Build.0 = Release|Any CPU
		{9B9CC7AB-0FB3-4FD5-B1D8-CC2B8FB21BB0}.Debug|Any CPU.ActiveCfg = Debug|Any CPU
		{9B9CC7AB-0FB3-4FD5-B1D8-CC2B8FB21BB0}.Debug|Any CPU.Build.0 = Debug|Any CPU
		{9B9CC7AB-0FB3-4FD5-B1D8-CC2B8FB21BB0}.Release|Any CPU.ActiveCfg = Release|Any CPU
		{9B9CC7AB-0FB3-4FD5-B1D8-CC2B8FB21BB0}.Release|Any CPU.Build.0 = Release|Any CPU
	EndGlobalSection
	GlobalSection(SolutionProperties) = preSolution
		HideSolutionNode = FALSE
	EndGlobalSection
EndGlobal
