
Microsoft Visual Studio Solution File, Format Version 12.00
# Visual Studio 2012
Project("{FAE04EC0-301F-11D3-BF4B-00C04F79EFBC}") = "OpenAndCloseClasses", "OpenAndCloseClasses\OpenAndCloseClasses.csproj", "{8CEEA3A4-798C-473B-854C-9E1BFD56ECC6}"
EndProject
Project("{FAE04EC0-301F-11D3-BF4B-00C04F79EFBC}") = "ClassLibrary", "ClassLibrary\ClassLibrary.csproj", "{749BFA5F-8897-4961-94D0-D28BDF4827E3}"
EndProject
Global
	GlobalSection(SolutionConfigurationPlatforms) = preSolution
		Debug|Any CPU = Debug|Any CPU
		Release|Any CPU = Release|Any CPU
	EndGlobalSection
	GlobalSection(ProjectConfigurationPlatforms) = postSolution
		{8CEEA3A4-798C-473B-854C-9E1BFD56ECC6}.Debug|Any CPU.ActiveCfg = Debug|Any CPU
		{8CEEA3A4-798C-473B-854C-9E1BFD56ECC6}.Debug|Any CPU.Build.0 = Debug|Any CPU
		{8CEEA3A4-798C-473B-854C-9E1BFD56ECC6}.Release|Any CPU.ActiveCfg = Release|Any CPU
		{8CEEA3A4-798C-473B-854C-9E1BFD56ECC6}.Release|Any CPU.Build.0 = Release|Any CPU
		{749BFA5F-8897-4961-94D0-D28BDF4827E3}.Debug|Any CPU.ActiveCfg = Debug|Any CPU
		{749BFA5F-8897-4961-94D0-D28BDF4827E3}.Debug|Any CPU.Build.0 = Debug|Any CPU
		{749BFA5F-8897-4961-94D0-D28BDF4827E3}.Release|Any CPU.ActiveCfg = Release|Any CPU
		{749BFA5F-8897-4961-94D0-D28BDF4827E3}.Release|Any CPU.Build.0 = Release|Any CPU
	EndGlobalSection
	GlobalSection(SolutionProperties) = preSolution
		HideSolutionNode = FALSE
	EndGlobalSection
EndGlobal
