
Microsoft Visual Studio Solution File, Format Version 12.00
# Visual Studio 2012
Project("{FAE04EC0-301F-11D3-BF4B-00C04F79EFBC}") = "ComedyFilm", "ComedyFilm\ComedyFilm.csproj", "{3B224E02-7E0A-46C1-9272-770B041C2764}"
EndProject
Project("{F088123C-0E9E-452A-89E6-6BA2F21D5CAC}") = "ModelingProject", "ModelingProject\ModelingProject.modelproj", "{50E6B7AE-E70A-4F83-A8F7-A49728DD30CD}"
EndProject
Global
	GlobalSection(SolutionConfigurationPlatforms) = preSolution
		Debug|Any CPU = Debug|Any CPU
		Release|Any CPU = Release|Any CPU
	EndGlobalSection
	GlobalSection(ProjectConfigurationPlatforms) = postSolution
		{3B224E02-7E0A-46C1-9272-770B041C2764}.Debug|Any CPU.ActiveCfg = Debug|Any CPU
		{3B224E02-7E0A-46C1-9272-770B041C2764}.Debug|Any CPU.Build.0 = Debug|Any CPU
		{3B224E02-7E0A-46C1-9272-770B041C2764}.Release|Any CPU.ActiveCfg = Release|Any CPU
		{3B224E02-7E0A-46C1-9272-770B041C2764}.Release|Any CPU.Build.0 = Release|Any CPU
		{50E6B7AE-E70A-4F83-A8F7-A49728DD30CD}.Debug|Any CPU.ActiveCfg = Debug|Any CPU
		{50E6B7AE-E70A-4F83-A8F7-A49728DD30CD}.Debug|Any CPU.Build.0 = Debug|Any CPU
		{50E6B7AE-E70A-4F83-A8F7-A49728DD30CD}.Release|Any CPU.ActiveCfg = Release|Any CPU
		{50E6B7AE-E70A-4F83-A8F7-A49728DD30CD}.Release|Any CPU.Build.0 = Release|Any CPU
	EndGlobalSection
	GlobalSection(SolutionProperties) = preSolution
		HideSolutionNode = FALSE
	EndGlobalSection
EndGlobal
